// !$*UTF8*$!
{
	archiveVersion = 1;
	classes = {
	};
	objectVersion = 46;
	objects = {

/* Begin PBXBuildFile section */
		F9D0A1981BBA63FC00CE5B89 /* AppDelegate.swift in Sources */ = {isa = PBXBuildFile; fileRef = F9D0A1971BBA63FC00CE5B89 /* AppDelegate.swift */; };
		F9D0A19A1BBA63FC00CE5B89 /* ViewController.swift in Sources */ = {isa = PBXBuildFile; fileRef = F9D0A1991BBA63FC00CE5B89 /* ViewController.swift */; };
		F9D0A19D1BBA63FC00CE5B89 /* Main.storyboard in Resources */ = {isa = PBXBuildFile; fileRef = F9D0A19B1BBA63FC00CE5B89 /* Main.storyboard */; };
		F9D0A19F1BBA63FC00CE5B89 /* Assets.xcassets in Resources */ = {isa = PBXBuildFile; fileRef = F9D0A19E1BBA63FC00CE5B89 /* Assets.xcassets */; };
		F9D0A1A21BBA63FC00CE5B89 /* LaunchScreen.storyboard in Resources */ = {isa = PBXBuildFile; fileRef = F9D0A1A01BBA63FC00CE5B89 /* LaunchScreen.storyboard */; };
		F9D0A1AD1BBA63FC00CE5B89 /* collectionview_sampleTests.swift in Sources */ = {isa = PBXBuildFile; fileRef = F9D0A1AC1BBA63FC00CE5B89 /* collectionview_sampleTests.swift */; };
		F9D0A1B81BBA63FC00CE5B89 /* collectionview_sampleUITests.swift in Sources */ = {isa = PBXBuildFile; fileRef = F9D0A1B71BBA63FC00CE5B89 /* collectionview_sampleUITests.swift */; };
/* End PBXBuildFile section */

/* Begin PBXContainerItemProxy section */
		F9D0A1A91BBA63FC00CE5B89 /* PBXContainerItemProxy */ = {
			isa = PBXContainerItemProxy;
			containerPortal = F9D0A18C1BBA63FC00CE5B89 /* Project object */;
			proxyType = 1;
			remoteGlobalIDString = F9D0A1931BBA63FC00CE5B89;
			remoteInfo = "collectionview-sample";
		};
		F9D0A1B41BBA63FC00CE5B89 /* PBXContainerItemProxy */ = {
			isa = PBXContainerItemProxy;
			containerPortal = F9D0A18C1BBA63FC00CE5B89 /* Project object */;
			proxyType = 1;
			remoteGlobalIDString = F9D0A1931BBA63FC00CE5B89;
			remoteInfo = "collectionview-sample";
		};
/* End PBXContainerItemProxy section */

/* Begin PBXFileReference section */
		F9D0A1941BBA63FC00CE5B89 /* collectionview-sample.app */ = {isa = PBXFileReference; explicitFileType = wrapper.application; includeInIndex = 0; path = "collectionview-sample.app"; sourceTree = BUILT_PRODUCTS_DIR; };
		F9D0A1971BBA63FC00CE5B89 /* AppDelegate.swift */ = {isa = PBXFileReference; lastKnownFileType = sourcecode.swift; path = AppDelegate.swift; sourceTree = "<group>"; };
		F9D0A1991BBA63FC00CE5B89 /* ViewController.swift */ = {isa = PBXFileReference; lastKnownFileType = sourcecode.swift; path = ViewController.swift; sourceTree = "<group>"; };
		F9D0A19C1BBA63FC00CE5B89 /* Base */ = {isa = PBXFileReference; lastKnownFileType = file.storyboard; name = Base; path = Base.lproj/Main.storyboard; sourceTree = "<group>"; };
		F9D0A19E1BBA63FC00CE5B89 /* Assets.xcassets */ = {isa = PBXFileReference; lastKnownFileType = folder.assetcatalog; path = Assets.xcassets; sourceTree = "<group>"; };
		F9D0A1A11BBA63FC00CE5B89 /* Base */ = {isa = PBXFileReference; lastKnownFileType = file.storyboard; name = Base; path = Base.lproj/LaunchScreen.storyboard; sourceTree = "<group>"; };
		F9D0A1A31BBA63FC00CE5B89 /* Info.plist */ = {isa = PBXFileReference; lastKnownFileType = text.plist.xml; path = Info.plist; sourceTree = "<group>"; };
		F9D0A1A81BBA63FC00CE5B89 /* collectionview-sampleTests.xctest */ = {isa = PBXFileReference; explicitFileType = wrapper.cfbundle; includeInIndex = 0; path = "collectionview-sampleTests.xctest"; sourceTree = BUILT_PRODUCTS_DIR; };
		F9D0A1AC1BBA63FC00CE5B89 /* collectionview_sampleTests.swift */ = {isa = PBXFileReference; lastKnownFileType = sourcecode.swift; path = collectionview_sampleTests.swift; sourceTree = "<group>"; };
		F9D0A1AE1BBA63FC00CE5B89 /* Info.plist */ = {isa = PBXFileReference; lastKnownFileType = text.plist.xml; path = Info.plist; sourceTree = "<group>"; };
		F9D0A1B31BBA63FC00CE5B89 /* collectionview-sampleUITests.xctest */ = {isa = PBXFileReference; explicitFileType = wrapper.cfbundle; includeInIndex = 0; path = "collectionview-sampleUITests.xctest"; sourceTree = BUILT_PRODUCTS_DIR; };
		F9D0A1B71BBA63FC00CE5B89 /* collectionview_sampleUITests.swift */ = {isa = PBXFileReference; lastKnownFileType = sourcecode.swift; path = collectionview_sampleUITests.swift; sourceTree = "<group>"; };
		F9D0A1B91BBA63FC00CE5B89 /* Info.plist */ = {isa = PBXFileReference; lastKnownFileType = text.plist.xml; path = Info.plist; sourceTree = "<group>"; };
/* End PBXFileReference section */

/* Begin PBXFrameworksBuildPhase section */
		F9D0A1911BBA63FC00CE5B89 /* Frameworks */ = {
			isa = PBXFrameworksBuildPhase;
			buildActionMask = 2147483647;
			files = (
			);
			runOnlyForDeploymentPostprocessing = 0;
		};
		F9D0A1A51BBA63FC00CE5B89 /* Frameworks */ = {
			isa = PBXFrameworksBuildPhase;
			buildActionMask = 2147483647;
			files = (
			);
			runOnlyForDeploymentPostprocessing = 0;
		};
		F9D0A1B01BBA63FC00CE5B89 /* Frameworks */ = {
			isa = PBXFrameworksBuildPhase;
			buildActionMask = 2147483647;
			files = (
			);
			runOnlyForDeploymentPostprocessing = 0;
		};
/* End PBXFrameworksBuildPhase section */

/* Begin PBXGroup section */
		F9D0A18B1BBA63FC00CE5B89 = {
			isa = PBXGroup;
			children = (
				F9D0A1961BBA63FC00CE5B89 /* collectionview-sample */,
				F9D0A1AB1BBA63FC00CE5B89 /* collectionview-sampleTests */,
				F9D0A1B61BBA63FC00CE5B89 /* collectionview-sampleUITests */,
				F9D0A1951BBA63FC00CE5B89 /* Products */,
			);
			sourceTree = "<group>";
		};
		F9D0A1951BBA63FC00CE5B89 /* Products */ = {
			isa = PBXGroup;
			children = (
				F9D0A1941BBA63FC00CE5B89 /* collectionview-sample.app */,
				F9D0A1A81BBA63FC00CE5B89 /* collectionview-sampleTests.xctest */,
				F9D0A1B31BBA63FC00CE5B89 /* collectionview-sampleUITests.xctest */,
			);
			name = Products;
			sourceTree = "<group>";
		};
		F9D0A1961BBA63FC00CE5B89 /* collectionview-sample */ = {
			isa = PBXGroup;
			children = (
				F9D0A1971BBA63FC00CE5B89 /* AppDelegate.swift */,
				F9D0A1991BBA63FC00CE5B89 /* ViewController.swift */,
				F9D0A19B1BBA63FC00CE5B89 /* Main.storyboard */,
				F9D0A19E1BBA63FC00CE5B89 /* Assets.xcassets */,
				F9D0A1A01BBA63FC00CE5B89 /* LaunchScreen.storyboard */,
				F9D0A1A31BBA63FC00CE5B89 /* Info.plist */,
			);
			path = "collectionview-sample";
			sourceTree = "<group>";
		};
		F9D0A1AB1BBA63FC00CE5B89 /* collectionview-sampleTests */ = {
			isa = PBXGroup;
			children = (
				F9D0A1AC1BBA63FC00CE5B89 /* collectionview_sampleTests.swift */,
				F9D0A1AE1BBA63FC00CE5B89 /* Info.plist */,
			);
			path = "collectionview-sampleTests";
			sourceTree = "<group>";
		};
		F9D0A1B61BBA63FC00CE5B89 /* collectionview-sampleUITests */ = {
			isa = PBXGroup;
			children = (
				F9D0A1B71BBA63FC00CE5B89 /* collectionview_sampleUITests.swift */,
				F9D0A1B91BBA63FC00CE5B89 /* Info.plist */,
			);
			path = "collectionview-sampleUITests";
			sourceTree = "<group>";
		};
/* End PBXGroup section */

/* Begin PBXNativeTarget section */
		F9D0A1931BBA63FC00CE5B89 /* collectionview-sample */ = {
			isa = PBXNativeTarget;
			buildConfigurationList = F9D0A1BC1BBA63FC00CE5B89 /* Build configuration list for PBXNativeTarget "collectionview-sample" */;
			buildPhases = (
				F9D0A1901BBA63FC00CE5B89 /* Sources */,
				F9D0A1911BBA63FC00CE5B89 /* Frameworks */,
				F9D0A1921BBA63FC00CE5B89 /* Resources */,
			);
			buildRules = (
			);
			dependencies = (
			);
			name = "collectionview-sample";
			productName = "collectionview-sample";
			productReference = F9D0A1941BBA63FC00CE5B89 /* collectionview-sample.app */;
			productType = "com.apple.product-type.application";
		};
		F9D0A1A71BBA63FC00CE5B89 /* collectionview-sampleTests */ = {
			isa = PBXNativeTarget;
			buildConfigurationList = F9D0A1BF1BBA63FC00CE5B89 /* Build configuration list for PBXNativeTarget "collectionview-sampleTests" */;
			buildPhases = (
				F9D0A1A41BBA63FC00CE5B89 /* Sources */,
				F9D0A1A51BBA63FC00CE5B89 /* Frameworks */,
				F9D0A1A61BBA63FC00CE5B89 /* Resources */,
			);
			buildRules = (
			);
			dependencies = (
				F9D0A1AA1BBA63FC00CE5B89 /* PBXTargetDependency */,
			);
			name = "collectionview-sampleTests";
			productName = "collectionview-sampleTests";
			productReference = F9D0A1A81BBA63FC00CE5B89 /* collectionview-sampleTests.xctest */;
			productType = "com.apple.product-type.bundle.unit-test";
		};
		F9D0A1B21BBA63FC00CE5B89 /* collectionview-sampleUITests */ = {
			isa = PBXNativeTarget;
			buildConfigurationList = F9D0A1C21BBA63FC00CE5B89 /* Build configuration list for PBXNativeTarget "collectionview-sampleUITests" */;
			buildPhases = (
				F9D0A1AF1BBA63FC00CE5B89 /* Sources */,
				F9D0A1B01BBA63FC00CE5B89 /* Frameworks */,
				F9D0A1B11BBA63FC00CE5B89 /* Resources */,
			);
			buildRules = (
			);
			dependencies = (
				F9D0A1B51BBA63FC00CE5B89 /* PBXTargetDependency */,
			);
			name = "collectionview-sampleUITests";
			productName = "collectionview-sampleUITests";
			productReference = F9D0A1B31BBA63FC00CE5B89 /* collectionview-sampleUITests.xctest */;
			productType = "com.apple.product-type.bundle.ui-testing";
		};
/* End PBXNativeTarget section */

/* Begin PBXProject section */
		F9D0A18C1BBA63FC00CE5B89 /* Project object */ = {
			isa = PBXProject;
			attributes = {
				LastUpgradeCheck = 0700;
				ORGANIZATIONNAME = "Hiromasa Nagamine";
				TargetAttributes = {
					F9D0A1931BBA63FC00CE5B89 = {
						CreatedOnToolsVersion = 7.0;
					};
					F9D0A1A71BBA63FC00CE5B89 = {
						CreatedOnToolsVersion = 7.0;
						TestTargetID = F9D0A1931BBA63FC00CE5B89;
					};
					F9D0A1B21BBA63FC00CE5B89 = {
						CreatedOnToolsVersion = 7.0;
						TestTargetID = F9D0A1931BBA63FC00CE5B89;
					};
				};
			};
			buildConfigurationList = F9D0A18F1BBA63FC00CE5B89 /* Build configuration list for PBXProject "collectionview-sample" */;
			compatibilityVersion = "Xcode 3.2";
			developmentRegion = English;
			hasScannedForEncodings = 0;
			knownRegions = (
				en,
				Base,
			);
			mainGroup = F9D0A18B1BBA63FC00CE5B89;
			productRefGroup = F9D0A1951BBA63FC00CE5B89 /* Products */;
			projectDirPath = "";
			projectRoot = "";
			targets = (
				F9D0A1931BBA63FC00CE5B89 /* collectionview-sample */,
				F9D0A1A71BBA63FC00CE5B89 /* collectionview-sampleTests */,
				F9D0A1B21BBA63FC00CE5B89 /* collectionview-sampleUITests */,
			);
		};
/* End PBXProject section */

/* Begin PBXResourcesBuildPhase section */
		F9D0A1921BBA63FC00CE5B89 /* Resources */ = {
			isa = PBXResourcesBuildPhase;
			buildActionMask = 2147483647;
			files = (
				F9D0A1A21BBA63FC00CE5B89 /* LaunchScreen.storyboard in Resources */,
				F9D0A19F1BBA63FC00CE5B89 /* Assets.xcassets in Resources */,
				F9D0A19D1BBA63FC00CE5B89 /* Main.storyboard in Resources */,
			);
			runOnlyForDeploymentPostprocessing = 0;
		};
		F9D0A1A61BBA63FC00CE5B89 /* Resources */ = {
			isa = PBXResourcesBuildPhase;
			buildActionMask = 2147483647;
			files = (
			);
			runOnlyForDeploymentPostprocessing = 0;
		};
		F9D0A1B11BBA63FC00CE5B89 /* Resources */ = {
			isa = PBXResourcesBuildPhase;
			buildActionMask = 2147483647;
			files = (
			);
			runOnlyForDeploymentPostprocessing = 0;
		};
/* End PBXResourcesBuildPhase section */

/* Begin PBXSourcesBuildPhase section */
		F9D0A1901BBA63FC00CE5B89 /* Sources */ = {
			isa = PBXSourcesBuildPhase;
			buildActionMask = 2147483647;
			files = (
				F9D0A19A1BBA63FC00CE5B89 /* ViewController.swift in Sources */,
				F9D0A1981BBA63FC00CE5B89 /* AppDelegate.swift in Sources */,
			);
			runOnlyForDeploymentPostprocessing = 0;
		};
		F9D0A1A41BBA63FC00CE5B89 /* Sources */ = {
			isa = PBXSourcesBuildPhase;
			buildActionMask = 2147483647;
			files = (
				F9D0A1AD1BBA63FC00CE5B89 /* collectionview_sampleTests.swift in Sources */,
			);
			runOnlyForDeploymentPostprocessing = 0;
		};
		F9D0A1AF1BBA63FC00CE5B89 /* Sources */ = {
			isa = PBXSourcesBuildPhase;
			buildActionMask = 2147483647;
			files = (
				F9D0A1B81BBA63FC00CE5B89 /* collectionview_sampleUITests.swift in Sources */,
			);
			runOnlyForDeploymentPostprocessing = 0;
		};
/* End PBXSourcesBuildPhase section */

/* Begin PBXTargetDependency section */
		F9D0A1AA1BBA63FC00CE5B89 /* PBXTargetDependency */ = {
			isa = PBXTargetDependency;
			target = F9D0A1931BBA63FC00CE5B89 /* collectionview-sample */;
			targetProxy = F9D0A1A91BBA63FC00CE5B89 /* PBXContainerItemProxy */;
		};
		F9D0A1B51BBA63FC00CE5B89 /* PBXTargetDependency */ = {
			isa = PBXTargetDependency;
			target = F9D0A1931BBA63FC00CE5B89 /* collectionview-sample */;
			targetProxy = F9D0A1B41BBA63FC00CE5B89 /* PBXContainerItemProxy */;
		};
/* End PBXTargetDependency section */

/* Begin PBXVariantGroup section */
		F9D0A19B1BBA63FC00CE5B89 /* Main.storyboard */ = {
			isa = PBXVariantGroup;
			children = (
				F9D0A19C1BBA63FC00CE5B89 /* Base */,
			);
			name = Main.storyboard;
			sourceTree = "<group>";
		};
		F9D0A1A01BBA63FC00CE5B89 /* LaunchScreen.storyboard */ = {
			isa = PBXVariantGroup;
			children = (
				F9D0A1A11BBA63FC00CE5B89 /* Base */,
			);
			name = LaunchScreen.storyboard;
			sourceTree = "<group>";
		};
/* End PBXVariantGroup section */

/* Begin XCBuildConfiguration section */
		F9D0A1BA1BBA63FC00CE5B89 /* Debug */ = {
			isa = XCBuildConfiguration;
			buildSettings = {
				ALWAYS_SEARCH_USER_PATHS = NO;
				CLANG_CXX_LANGUAGE_STANDARD = "gnu++0x";
				CLANG_CXX_LIBRARY = "libc++";
				CLANG_ENABLE_MODULES = YES;
				CLANG_ENABLE_OBJC_ARC = YES;
				CLANG_WARN_BOOL_CONVERSION = YES;
				CLANG_WARN_CONSTANT_CONVERSION = YES;
				CLANG_WARN_DIRECT_OBJC_ISA_USAGE = YES_ERROR;
				CLANG_WARN_EMPTY_BODY = YES;
				CLANG_WARN_ENUM_CONVERSION = YES;
				CLANG_WARN_INT_CONVERSION = YES;
				CLANG_WARN_OBJC_ROOT_CLASS = YES_ERROR;
				CLANG_WARN_UNREACHABLE_CODE = YES;
				CLANG_WARN__DUPLICATE_METHOD_MATCH = YES;
				"CODE_SIGN_IDENTITY[sdk=iphoneos*]" = "iPhone Developer";
				COPY_PHASE_STRIP = NO;
				DEBUG_INFORMATION_FORMAT = dwarf;
				ENABLE_STRICT_OBJC_MSGSEND = YES;
				ENABLE_TESTABILITY = YES;
				GCC_C_LANGUAGE_STANDARD = gnu99;
				GCC_DYNAMIC_NO_PIC = NO;
				GCC_NO_COMMON_BLOCKS = YES;
				GCC_OPTIMIZATION_LEVEL = 0;
				GCC_PREPROCESSOR_DEFINITIONS = (
					"DEBUG=1",
					"$(inherited)",
				);
				GCC_WARN_64_TO_32_BIT_CONVERSION = YES;
				GCC_WARN_ABOUT_RETURN_TYPE = YES_ERROR;
				GCC_WARN_UNDECLARED_SELECTOR = YES;
				GCC_WARN_UNINITIALIZED_AUTOS = YES_AGGRESSIVE;
				GCC_WARN_UNUSED_FUNCTION = YES;
				GCC_WARN_UNUSED_VARIABLE = YES;
				IPHONEOS_DEPLOYMENT_TARGET = 9.0;
				MTL_ENABLE_DEBUG_INFO = YES;
				ONLY_ACTIVE_ARCH = YES;
				SDKROOT = iphoneos;
				SWIFT_OPTIMIZATION_LEVEL = "-Onone";
				TARGETED_DEVICE_FAMILY = "1,2";
			};
			name = Debug;
		};
		F9D0A1BB1BBA63FC00CE5B89 /* Release */ = {
			isa = XCBuildConfiguration;
			buildSettings = {
				ALWAYS_SEARCH_USER_PATHS = NO;
				CLANG_CXX_LANGUAGE_STANDARD = "gnu++0x";
				CLANG_CXX_LIBRARY = "libc++";
				CLANG_ENABLE_MODULES = YES;
				CLANG_ENABLE_OBJC_ARC = YES;
				CLANG_WARN_BOOL_CONVERSION = YES;
				CLANG_WARN_CONSTANT_CONVERSION = YES;
				CLANG_WARN_DIRECT_OBJC_ISA_USAGE = YES_ERROR;
				CLANG_WARN_EMPTY_BODY = YES;
				CLANG_WARN_ENUM_CONVERSION = YES;
				CLANG_WARN_INT_CONVERSION = YES;
				CLANG_WARN_OBJC_ROOT_CLASS = YES_ERROR;
				CLANG_WARN_UNREACHABLE_CODE = YES;
				CLANG_WARN__DUPLICATE_METHOD_MATCH = YES;
				"CODE_SIGN_IDENTITY[sdk=iphoneos*]" = "iPhone Developer";
				COPY_PHASE_STRIP = NO;
				DEBUG_INFORMATION_FORMAT = "dwarf-with-dsym";
				ENABLE_NS_ASSERTIONS = NO;
				ENABLE_STRICT_OBJC_MSGSEND = YES;
				GCC_C_LANGUAGE_STANDARD = gnu99;
				GCC_NO_COMMON_BLOCKS = YES;
				GCC_WARN_64_TO_32_BIT_CONVERSION = YES;
				GCC_WARN_ABOUT_RETURN_TYPE = YES_ERROR;
				GCC_WARN_UNDECLARED_SELECTOR = YES;
				GCC_WARN_UNINITIALIZED_AUTOS = YES_AGGRESSIVE;
				GCC_WARN_UNUSED_FUNCTION = YES;
				GCC_WARN_UNUSED_VARIABLE = YES;
				IPHONEOS_DEPLOYMENT_TARGET = 9.0;
				MTL_ENABLE_DEBUG_INFO = NO;
				SDKROOT = iphoneos;
				TARGETED_DEVICE_FAMILY = "1,2";
				VALIDATE_PRODUCT = YES;
			};
			name = Release;
		};
		F9D0A1BD1BBA63FC00CE5B89 /* Debug */ = {
			isa = XCBuildConfiguration;
			buildSettings = {
				ASSETCATALOG_COMPILER_APPICON_NAME = AppIcon;
				INFOPLIST_FILE = "collectionview-sample/Info.plist";
				LD_RUNPATH_SEARCH_PATHS = "$(inherited) @executable_path/Frameworks";
				PRODUCT_BUNDLE_IDENTIFIER = "com.example.collectionview-sample";
				PRODUCT_NAME = "$(TARGET_NAME)";
			};
			name = Debug;
		};
		F9D0A1BE1BBA63FC00CE5B89 /* Release */ = {
			isa = XCBuildConfiguration;
			buildSettings = {
				ASSETCATALOG_COMPILER_APPICON_NAME = AppIcon;
				INFOPLIST_FILE = "collectionview-sample/Info.plist";
				LD_RUNPATH_SEARCH_PATHS = "$(inherited) @executable_path/Frameworks";
				PRODUCT_BUNDLE_IDENTIFIER = "com.example.collectionview-sample";
				PRODUCT_NAME = "$(TARGET_NAME)";
			};
			name = Release;
		};
		F9D0A1C01BBA63FC00CE5B89 /* Debug */ = {
			isa = XCBuildConfiguration;
			buildSettings = {
				BUNDLE_LOADER = "$(TEST_HOST)";
				INFOPLIST_FILE = "collectionview-sampleTests/Info.plist";
				LD_RUNPATH_SEARCH_PATHS = "$(inherited) @executable_path/Frameworks @loader_path/Frameworks";
				PRODUCT_BUNDLE_IDENTIFIER = "com.example.collectionview-sampleTests";
				PRODUCT_NAME = "$(TARGET_NAME)";
				TEST_HOST = "$(BUILT_PRODUCTS_DIR)/collectionview-sample.app/collectionview-sample";
			};
			name = Debug;
		};
		F9D0A1C11BBA63FC00CE5B89 /* Release */ = {
			isa = XCBuildConfiguration;
			buildSettings = {
				BUNDLE_LOADER = "$(TEST_HOST)";
				INFOPLIST_FILE = "collectionview-sampleTests/Info.plist";
				LD_RUNPATH_SEARCH_PATHS = "$(inherited) @executable_path/Frameworks @loader_path/Frameworks";
				PRODUCT_BUNDLE_IDENTIFIER = "com.example.collectionview-sampleTests";
				PRODUCT_NAME = "$(TARGET_NAME)";
				TEST_HOST = "$(BUILT_PRODUCTS_DIR)/collectionview-sample.app/collectionview-sample";
			};
			name = Release;
		};
		F9D0A1C31BBA63FC00CE5B89 /* Debug */ = {
			isa = XCBuildConfiguration;
			buildSettings = {
				INFOPLIST_FILE = "collectionview-sampleUITests/Info.plist";
				LD_RUNPATH_SEARCH_PATHS = "$(inherited) @executable_path/Frameworks @loader_path/Frameworks";
				PRODUCT_BUNDLE_IDENTIFIER = "com.example.collectionview-sampleUITests";
				PRODUCT_NAME = "$(TARGET_NAME)";
				TEST_TARGET_NAME = "collectionview-sample";
				USES_XCTRUNNER = YES;
			};
			name = Debug;
		};
		F9D0A1C41BBA63FC00CE5B89 /* Release */ = {
			isa = XCBuildConfiguration;
			buildSettings = {
				INFOPLIST_FILE = "collectionview-sampleUITests/Info.plist";
				LD_RUNPATH_SEARCH_PATHS = "$(inherited) @executable_path/Frameworks @loader_path/Frameworks";
				PRODUCT_BUNDLE_IDENTIFIER = "com.example.collectionview-sampleUITests";
				PRODUCT_NAME = "$(TARGET_NAME)";
				TEST_TARGET_NAME = "collectionview-sample";
				USES_XCTRUNNER = YES;
			};
			name = Release;
		};
/* End XCBuildConfiguration section */

/* Begin XCConfigurationList section */
		F9D0A18F1BBA63FC00CE5B89 /* Build configuration list for PBXProject "collectionview-sample" */ = {
			isa = XCConfigurationList;
			buildConfigurations = (
				F9D0A1BA1BBA63FC00CE5B89 /* Debug */,
				F9D0A1BB1BBA63FC00CE5B89 /* Release */,
			);
			defaultConfigurationIsVisible = 0;
			defaultConfigurationName = Release;
		};
		F9D0A1BC1BBA63FC00CE5B89 /* Build configuration list for PBXNativeTarget "collectionview-sample" */ = {
			isa = XCConfigurationList;
			buildConfigurations = (
				F9D0A1BD1BBA63FC00CE5B89 /* Debug */,
				F9D0A1BE1BBA63FC00CE5B89 /* Release */,
			);
			defaultConfigurationIsVisible = 0;
		};
		F9D0A1BF1BBA63FC00CE5B89 /* Build configuration list for PBXNativeTarget "collectionview-sampleTests" */ = {
			isa = XCConfigurationList;
			buildConfigurations = (
				F9D0A1C01BBA63FC00CE5B89 /* Debug */,
				F9D0A1C11BBA63FC00CE5B89 /* Release */,
			);
			defaultConfigurationIsVisible = 0;
		};
		F9D0A1C21BBA63FC00CE5B89 /* Build configuration list for PBXNativeTarget "collectionview-sampleUITests" */ = {
			isa = XCConfigurationList;
			buildConfigurations = (
				F9D0A1C31BBA63FC00CE5B89 /* Debug */,
				F9D0A1C41BBA63FC00CE5B89 /* Release */,
			);
			defaultConfigurationIsVisible = 0;
		};
/* End XCConfigurationList section */
	};
	rootObject = F9D0A18C1BBA63FC00CE5B89 /* Project object */;
}
